
Microsoft Visual Studio Solution File, Format Version 12.00
# Visual Studio 15
VisualStudioVersion = 15.0.26124.0
MinimumVisualStudioVersion = 15.0.26124.0
Project("{2150E333-8FDC-42A3-9474-1A3956D46DE8}") = "Api", "Api", "{F5A6FE78-9F83-4BF6-9274-1744F03DDE10}"
EndProject
Project("{9A19103F-16F7-4668-BE54-9A1E7A4F7556}") = "api", "api\api.csproj", "{52A6CD58-D9A4-42FD-803A-8F7034835BF7}"
EndProject
Global
	GlobalSection(SolutionConfigurationPlatforms) = preSolution
		Debug|Any CPU = Debug|Any CPU
		Debug|x64 = Debug|x64
		Debug|x86 = Debug|x86
		Release|Any CPU = Release|Any CPU
		Release|x64 = Release|x64
		Release|x86 = Release|x86
	EndGlobalSection
	GlobalSection(ProjectConfigurationPlatforms) = postSolution
		{52A6CD58-D9A4-42FD-803A-8F7034835BF7}.Debug|Any CPU.ActiveCfg = Debug|Any CPU
		{52A6CD58-D9A4-42FD-803A-8F7034835BF7}.Debug|Any CPU.Build.0 = Debug|Any CPU
		{52A6CD58-D9A4-42FD-803A-8F7034835BF7}.Debug|x64.ActiveCfg = Debug|Any CPU
		{52A6CD58-D9A4-42FD-803A-8F7034835BF7}.Debug|x64.Build.0 = Debug|Any CPU
		{52A6CD58-D9A4-42FD-803A-8F7034835BF7}.Debug|x86.ActiveCfg = Debug|Any CPU
		{52A6CD58-D9A4-42FD-803A-8F7034835BF7}.Debug|x86.Build.0 = Debug|Any CPU
		{52A6CD58-D9A4-42FD-803A-8F7034835BF7}.Release|Any CPU.ActiveCfg = Release|Any CPU
		{52A6CD58-D9A4-42FD-803A-8F7034835BF7}.Release|Any CPU.Build.0 = Release|Any CPU
		{52A6CD58-D9A4-42FD-803A-8F7034835BF7}.Release|x64.ActiveCfg = Release|Any CPU
		{52A6CD58-D9A4-42FD-803A-8F7034835BF7}.Release|x64.Build.0 = Release|Any CPU
		{52A6CD58-D9A4-42FD-803A-8F7034835BF7}.Release|x86.ActiveCfg = Release|Any CPU
		{52A6CD58-D9A4-42FD-803A-8F7034835BF7}.Release|x86.Build.0 = Release|Any CPU
	EndGlobalSection
	GlobalSection(SolutionProperties) = preSolution
		HideSolutionNode = FALSE
	EndGlobalSection
	GlobalSection(NestedProjects) = preSolution
		{52A6CD58-D9A4-42FD-803A-8F7034835BF7} = {F5A6FE78-9F83-4BF6-9274-1744F03DDE10}
	EndGlobalSection
	GlobalSection(ExtensibilityGlobals) = postSolution
		SolutionGuid = {7D957F94-F2AD-4A0E-A40F-D31E49DF50E4}
	EndGlobalSection
EndGlobal
